{
  "name": "swc-plugin-evaluate-polyfills",
  "version": "0.1.5",
  "lockfileVersion": 3,
  "requires": true,
  "packages": {
    "": {
      "name": "swc-plugin-evaluate-polyfills",
      "version": "0.1.5",
      "license": "MIT",
      "peerDependencies": {
        "@swc/core": "^1.16.13"
      },
      "peerDependenciesMeta": {
        "@swc/core": {
          "optional": true
        }
      }
    }
  }
}
